
Microsoft Visual Studio Solution File, Format Version 12.00
# Visual Studio 14
VisualStudioVersion = 14.0.24720.0
MinimumVisualStudioVersion = 10.0.40219.1
Project("{FAE04EC0-301F-11D3-BF4B-00C04F79EFBC}") = "MnMn", "MnMn\MnMn.csproj", "{96623185-24F0-4A71-8429-560AC8A5F172}"
EndProject
Project("{2150E333-8FDC-42A3-9474-1A3956D46DE8}") = "Test", "Test", "{97053CFE-6538-44F1-A837-18EA9FE8E7B8}"
EndProject
Project("{FAE04EC0-301F-11D3-BF4B-00C04F79EFBC}") = "MnMnTest", "Test\MnMnTest\MnMnTest.csproj", "{8463A4EB-9EF0-4150-BA54-7EC005D63C4A}"
EndProject
Project("{2150E333-8FDC-42A3-9474-1A3956D46DE8}") = "Library", "Library", "{C2E8C451-56CD-4526-8AC1-43942317175C}"
EndProject
Project("{FAE04EC0-301F-11D3-BF4B-00C04F79EFBC}") = "Package", "Library\Package\Package.csproj", "{922D77B4-F3B7-4685-B6DC-6ECB0F4BBE8F}"
EndProject
Global
	GlobalSection(SolutionConfigurationPlatforms) = preSolution
		Debug|Any CPU = Debug|Any CPU
		Debug|x86 = Debug|x86
		Release|Any CPU = Release|Any CPU
		Release|x86 = Release|x86
	EndGlobalSection
	GlobalSection(ProjectConfigurationPlatforms) = postSolution
		{96623185-24F0-4A71-8429-560AC8A5F172}.Debug|Any CPU.ActiveCfg = Debug|x86
		{96623185-24F0-4A71-8429-560AC8A5F172}.Debug|x86.ActiveCfg = Debug|x86
		{96623185-24F0-4A71-8429-560AC8A5F172}.Debug|x86.Build.0 = Debug|x86
		{96623185-24F0-4A71-8429-560AC8A5F172}.Release|Any CPU.ActiveCfg = Release|x86
		{96623185-24F0-4A71-8429-560AC8A5F172}.Release|x86.ActiveCfg = Release|x86
		{96623185-24F0-4A71-8429-560AC8A5F172}.Release|x86.Build.0 = Release|x86
		{8463A4EB-9EF0-4150-BA54-7EC005D63C4A}.Debug|Any CPU.ActiveCfg = Debug|x86
		{8463A4EB-9EF0-4150-BA54-7EC005D63C4A}.Debug|x86.ActiveCfg = Debug|x86
		{8463A4EB-9EF0-4150-BA54-7EC005D63C4A}.Debug|x86.Build.0 = Debug|x86
		{8463A4EB-9EF0-4150-BA54-7EC005D63C4A}.Release|Any CPU.ActiveCfg = Release|x86
		{8463A4EB-9EF0-4150-BA54-7EC005D63C4A}.Release|x86.ActiveCfg = Release|x86
		{8463A4EB-9EF0-4150-BA54-7EC005D63C4A}.Release|x86.Build.0 = Release|x86
		{922D77B4-F3B7-4685-B6DC-6ECB0F4BBE8F}.Debug|Any CPU.ActiveCfg = Debug|Any CPU
		{922D77B4-F3B7-4685-B6DC-6ECB0F4BBE8F}.Debug|Any CPU.Build.0 = Debug|Any CPU
		{922D77B4-F3B7-4685-B6DC-6ECB0F4BBE8F}.Debug|x86.ActiveCfg = Debug|Any CPU
		{922D77B4-F3B7-4685-B6DC-6ECB0F4BBE8F}.Debug|x86.Build.0 = Debug|Any CPU
		{922D77B4-F3B7-4685-B6DC-6ECB0F4BBE8F}.Release|Any CPU.ActiveCfg = Release|Any CPU
		{922D77B4-F3B7-4685-B6DC-6ECB0F4BBE8F}.Release|Any CPU.Build.0 = Release|Any CPU
		{922D77B4-F3B7-4685-B6DC-6ECB0F4BBE8F}.Release|x86.ActiveCfg = Release|Any CPU
		{922D77B4-F3B7-4685-B6DC-6ECB0F4BBE8F}.Release|x86.Build.0 = Release|Any CPU
	EndGlobalSection
	GlobalSection(SolutionProperties) = preSolution
		HideSolutionNode = FALSE
	EndGlobalSection
	GlobalSection(NestedProjects) = preSolution
		{8463A4EB-9EF0-4150-BA54-7EC005D63C4A} = {97053CFE-6538-44F1-A837-18EA9FE8E7B8}
		{922D77B4-F3B7-4685-B6DC-6ECB0F4BBE8F} = {C2E8C451-56CD-4526-8AC1-43942317175C}
	EndGlobalSection
EndGlobal
