
Microsoft Visual Studio Solution File, Format Version 12.00
# Visual Studio 15
VisualStudioVersion = 15.0.26228.9
MinimumVisualStudioVersion = 10.0.40219.1
Project("{FAE04EC0-301F-11D3-BF4B-00C04F79EFBC}") = "MnMn", "MnMn\MnMn.csproj", "{96623185-24F0-4A71-8429-560AC8A5F172}"
EndProject
Project("{2150E333-8FDC-42A3-9474-1A3956D46DE8}") = "Test", "Test", "{97053CFE-6538-44F1-A837-18EA9FE8E7B8}"
EndProject
Project("{FAE04EC0-301F-11D3-BF4B-00C04F79EFBC}") = "MnMnTest", "Test\MnMnTest\MnMnTest.csproj", "{8463A4EB-9EF0-4150-BA54-7EC005D63C4A}"
EndProject
Project("{2150E333-8FDC-42A3-9474-1A3956D46DE8}") = "Library", "Library", "{C2E8C451-56CD-4526-8AC1-43942317175C}"
EndProject
Project("{FAE04EC0-301F-11D3-BF4B-00C04F79EFBC}") = "Package", "Library\Package\Package.csproj", "{922D77B4-F3B7-4685-B6DC-6ECB0F4BBE8F}"
EndProject
Project("{2150E333-8FDC-42A3-9474-1A3956D46DE8}") = "Applications", "Applications", "{9D022224-AAB5-4AFB-BC66-436F7B63FA8E}"
EndProject
Project("{2150E333-8FDC-42A3-9474-1A3956D46DE8}") = "sbin", "sbin", "{426124A9-57B3-4D86-B8E4-C6FC04A8165A}"
EndProject
Project("{FAE04EC0-301F-11D3-BF4B-00C04F79EFBC}") = "Updater", "Applications\sbin\Updater\Updater.csproj", "{7CC3600F-2EC1-4905-AF5C-6191D37A3824}"
EndProject
Project("{FAE04EC0-301F-11D3-BF4B-00C04F79EFBC}") = "SpaghettiAssembly", "Library\SpaghettiAssembly\SpaghettiAssembly.csproj", "{CDE064A0-0133-4C6B-AD46-32E9429D4715}"
EndProject
Project("{FAE04EC0-301F-11D3-BF4B-00C04F79EFBC}") = "Bridging", "Library\Bridging\Bridging.csproj", "{89A67E67-827B-44D6-A237-BE50813883AC}"
EndProject
Project("{2150E333-8FDC-42A3-9474-1A3956D46DE8}") = "bin", "bin", "{2F06848C-2B2E-4029-BA62-6A817F8ED50C}"
EndProject
Project("{FAE04EC0-301F-11D3-BF4B-00C04F79EFBC}") = "CrashReporter", "Applications\bin\CrashReporter\CrashReporter.csproj", "{F8C7551B-E65E-41FA-BF14-D52C1B23F247}"
EndProject
Project("{2150E333-8FDC-42A3-9474-1A3956D46DE8}") = "Common", "Common", "{DD2C6E4E-011F-459D-8CBB-663123A0D3D7}"
	ProjectSection(SolutionItems) = preProject
		Common\AssemblyResolveHelper.cs = Common\AssemblyResolveHelper.cs
	EndProjectSection
EndProject
Global
	GlobalSection(SolutionConfigurationPlatforms) = preSolution
		Debug|x86 = Debug|x86
		Release|x86 = Release|x86
	EndGlobalSection
	GlobalSection(ProjectConfigurationPlatforms) = postSolution
		{96623185-24F0-4A71-8429-560AC8A5F172}.Debug|x86.ActiveCfg = Debug|x86
		{96623185-24F0-4A71-8429-560AC8A5F172}.Debug|x86.Build.0 = Debug|x86
		{96623185-24F0-4A71-8429-560AC8A5F172}.Release|x86.ActiveCfg = Release|x86
		{96623185-24F0-4A71-8429-560AC8A5F172}.Release|x86.Build.0 = Release|x86
		{8463A4EB-9EF0-4150-BA54-7EC005D63C4A}.Debug|x86.ActiveCfg = Debug|x86
		{8463A4EB-9EF0-4150-BA54-7EC005D63C4A}.Debug|x86.Build.0 = Debug|x86
		{8463A4EB-9EF0-4150-BA54-7EC005D63C4A}.Release|x86.ActiveCfg = Release|x86
		{8463A4EB-9EF0-4150-BA54-7EC005D63C4A}.Release|x86.Build.0 = Release|x86
		{922D77B4-F3B7-4685-B6DC-6ECB0F4BBE8F}.Debug|x86.ActiveCfg = Debug|x86
		{922D77B4-F3B7-4685-B6DC-6ECB0F4BBE8F}.Debug|x86.Build.0 = Debug|x86
		{922D77B4-F3B7-4685-B6DC-6ECB0F4BBE8F}.Release|x86.ActiveCfg = Release|x86
		{922D77B4-F3B7-4685-B6DC-6ECB0F4BBE8F}.Release|x86.Build.0 = Release|x86
		{7CC3600F-2EC1-4905-AF5C-6191D37A3824}.Debug|x86.ActiveCfg = Debug|x86
		{7CC3600F-2EC1-4905-AF5C-6191D37A3824}.Debug|x86.Build.0 = Debug|x86
		{7CC3600F-2EC1-4905-AF5C-6191D37A3824}.Release|x86.ActiveCfg = Release|x86
		{7CC3600F-2EC1-4905-AF5C-6191D37A3824}.Release|x86.Build.0 = Release|x86
		{CDE064A0-0133-4C6B-AD46-32E9429D4715}.Debug|x86.ActiveCfg = Debug|x86
		{CDE064A0-0133-4C6B-AD46-32E9429D4715}.Debug|x86.Build.0 = Debug|x86
		{CDE064A0-0133-4C6B-AD46-32E9429D4715}.Release|x86.ActiveCfg = Release|x86
		{CDE064A0-0133-4C6B-AD46-32E9429D4715}.Release|x86.Build.0 = Release|x86
		{89A67E67-827B-44D6-A237-BE50813883AC}.Debug|x86.ActiveCfg = Debug|x86
		{89A67E67-827B-44D6-A237-BE50813883AC}.Debug|x86.Build.0 = Debug|x86
		{89A67E67-827B-44D6-A237-BE50813883AC}.Release|x86.ActiveCfg = Release|x86
		{89A67E67-827B-44D6-A237-BE50813883AC}.Release|x86.Build.0 = Release|x86
		{F8C7551B-E65E-41FA-BF14-D52C1B23F247}.Debug|x86.ActiveCfg = Debug|x86
		{F8C7551B-E65E-41FA-BF14-D52C1B23F247}.Debug|x86.Build.0 = Debug|x86
		{F8C7551B-E65E-41FA-BF14-D52C1B23F247}.Release|x86.ActiveCfg = Release|x86
		{F8C7551B-E65E-41FA-BF14-D52C1B23F247}.Release|x86.Build.0 = Release|x86
	EndGlobalSection
	GlobalSection(SolutionProperties) = preSolution
		HideSolutionNode = FALSE
	EndGlobalSection
	GlobalSection(NestedProjects) = preSolution
		{8463A4EB-9EF0-4150-BA54-7EC005D63C4A} = {97053CFE-6538-44F1-A837-18EA9FE8E7B8}
		{922D77B4-F3B7-4685-B6DC-6ECB0F4BBE8F} = {C2E8C451-56CD-4526-8AC1-43942317175C}
		{426124A9-57B3-4D86-B8E4-C6FC04A8165A} = {9D022224-AAB5-4AFB-BC66-436F7B63FA8E}
		{7CC3600F-2EC1-4905-AF5C-6191D37A3824} = {426124A9-57B3-4D86-B8E4-C6FC04A8165A}
		{CDE064A0-0133-4C6B-AD46-32E9429D4715} = {C2E8C451-56CD-4526-8AC1-43942317175C}
		{89A67E67-827B-44D6-A237-BE50813883AC} = {C2E8C451-56CD-4526-8AC1-43942317175C}
		{2F06848C-2B2E-4029-BA62-6A817F8ED50C} = {9D022224-AAB5-4AFB-BC66-436F7B63FA8E}
		{F8C7551B-E65E-41FA-BF14-D52C1B23F247} = {2F06848C-2B2E-4029-BA62-6A817F8ED50C}
	EndGlobalSection
EndGlobal
